// !$*UTF8*$!
{
	archiveVersion = 1;
	classes = {
	};
	objectVersion = 77;
	objects = {

/* Begin PBXBuildFile section */
		274CA0AD2CF0926F004C9AB5 /* FirebaseAnalytics in Frameworks */ = {isa = PBXBuildFile; productRef = 274CA0AC2CF0926F004C9AB5 /* FirebaseAnalytics */; };
		274CA0AF2CF0926F004C9AB5 /* FirebaseMessaging in Frameworks */ = {isa = PBXBuildFile; productRef = 274CA0AE2CF0926F004C9AB5 /* FirebaseMessaging */; };
		274CA0E42CF0A60B004C9AB5 /* FirebaseAnalyticsOnDeviceConversion in Frameworks */ = {isa = PBXBuildFile; productRef = 274CA0E32CF0A60B004C9AB5 /* FirebaseAnalyticsOnDeviceConversion */; };
		274CA0E62CF0A60B004C9AB5 /* FirebaseAnalyticsWithoutAdIdSupport in Frameworks */ = {isa = PBXBuildFile; productRef = 274CA0E52CF0A60B004C9AB5 /* FirebaseAnalyticsWithoutAdIdSupport */; };
		274CA0E82CF0A60B004C9AB5 /* FirebaseAppCheck in Frameworks */ = {isa = PBXBuildFile; productRef = 274CA0E72CF0A60B004C9AB5 /* FirebaseAppCheck */; };
		274CA0EA2CF0A60B004C9AB5 /* FirebaseAppDistribution-Beta in Frameworks */ = {isa = PBXBuildFile; productRef = 274CA0E92CF0A60B004C9AB5 /* FirebaseAppDistribution-Beta */; };
		274CA0EC2CF0A60B004C9AB5 /* FirebaseAuth in Frameworks */ = {isa = PBXBuildFile; productRef = 274CA0EB2CF0A60B004C9AB5 /* FirebaseAuth */; };
		274CA0EE2CF0A60B004C9AB5 /* FirebaseAuthCombine-Community in Frameworks */ = {isa = PBXBuildFile; productRef = 274CA0ED2CF0A60B004C9AB5 /* FirebaseAuthCombine-Community */; };
		274CA0F02CF0A60B004C9AB5 /* FirebaseCore in Frameworks */ = {isa = PBXBuildFile; productRef = 274CA0EF2CF0A60B004C9AB5 /* FirebaseCore */; };
		274CA0F22CF0A60B004C9AB5 /* FirebaseCrashlytics in Frameworks */ = {isa = PBXBuildFile; productRef = 274CA0F12CF0A60B004C9AB5 /* FirebaseCrashlytics */; };
		274CA0F42CF0A60B004C9AB5 /* FirebaseDatabase in Frameworks */ = {isa = PBXBuildFile; productRef = 274CA0F32CF0A60B004C9AB5 /* FirebaseDatabase */; };
		274CA0F62CF0A60B004C9AB5 /* FirebaseDynamicLinks in Frameworks */ = {isa = PBXBuildFile; productRef = 274CA0F52CF0A60B004C9AB5 /* FirebaseDynamicLinks */; };
		274CA0F82CF0A60B004C9AB5 /* FirebaseFirestore in Frameworks */ = {isa = PBXBuildFile; productRef = 274CA0F72CF0A60B004C9AB5 /* FirebaseFirestore */; };
		274CA0FA2CF0A60B004C9AB5 /* FirebaseFirestoreCombine-Community in Frameworks */ = {isa = PBXBuildFile; productRef = 274CA0F92CF0A60B004C9AB5 /* FirebaseFirestoreCombine-Community */; };
		274CA0FC2CF0A60B004C9AB5 /* FirebaseFunctions in Frameworks */ = {isa = PBXBuildFile; productRef = 274CA0FB2CF0A60B004C9AB5 /* FirebaseFunctions */; };
		274CA0FE2CF0A60B004C9AB5 /* FirebaseFunctionsCombine-Community in Frameworks */ = {isa = PBXBuildFile; productRef = 274CA0FD2CF0A60B004C9AB5 /* FirebaseFunctionsCombine-Community */; };
		274CA1002CF0A60B004C9AB5 /* FirebaseInAppMessaging-Beta in Frameworks */ = {isa = PBXBuildFile; productRef = 274CA0FF2CF0A60B004C9AB5 /* FirebaseInAppMessaging-Beta */; };
		274CA1022CF0A60B004C9AB5 /* FirebaseInstallations in Frameworks */ = {isa = PBXBuildFile; productRef = 274CA1012CF0A60B004C9AB5 /* FirebaseInstallations */; };
		274CA1042CF0A60B004C9AB5 /* FirebaseMLModelDownloader in Frameworks */ = {isa = PBXBuildFile; productRef = 274CA1032CF0A60B004C9AB5 /* FirebaseMLModelDownloader */; };
		274CA1062CF0A60B004C9AB5 /* FirebasePerformance in Frameworks */ = {isa = PBXBuildFile; productRef = 274CA1052CF0A60B004C9AB5 /* FirebasePerformance */; };
		274CA1082CF0A60B004C9AB5 /* FirebaseRemoteConfig in Frameworks */ = {isa = PBXBuildFile; productRef = 274CA1072CF0A60B004C9AB5 /* FirebaseRemoteConfig */; };
		274CA10A2CF0A60B004C9AB5 /* FirebaseStorage in Frameworks */ = {isa = PBXBuildFile; productRef = 274CA1092CF0A60B004C9AB5 /* FirebaseStorage */; };
		274CA10C2CF0A60B004C9AB5 /* FirebaseStorageCombine-Community in Frameworks */ = {isa = PBXBuildFile; productRef = 274CA10B2CF0A60B004C9AB5 /* FirebaseStorageCombine-Community */; };
		274CA10E2CF0A60B004C9AB5 /* FirebaseVertexAI in Frameworks */ = {isa = PBXBuildFile; productRef = 274CA10D2CF0A60B004C9AB5 /* FirebaseVertexAI */; };
		27BE101E2CEF3ED10099D038 /* SocketIO in Frameworks */ = {isa = PBXBuildFile; productRef = 27BE101D2CEF3ED10099D038 /* SocketIO */; };
/* End PBXBuildFile section */

/* Begin PBXContainerItemProxy section */
		27BE0FDB2CEF24D50099D038 /* PBXContainerItemProxy */ = {
			isa = PBXContainerItemProxy;
			containerPortal = 27BE0FC22CEF24D30099D038 /* Project object */;
			proxyType = 1;
			remoteGlobalIDString = 27BE0FC92CEF24D30099D038;
			remoteInfo = denemeSockerIO;
		};
		27BE0FE52CEF24D50099D038 /* PBXContainerItemProxy */ = {
			isa = PBXContainerItemProxy;
			containerPortal = 27BE0FC22CEF24D30099D038 /* Project object */;
			proxyType = 1;
			remoteGlobalIDString = 27BE0FC92CEF24D30099D038;
			remoteInfo = denemeSockerIO;
		};
/* End PBXContainerItemProxy section */

/* Begin PBXFileReference section */
		27BE0FCA2CEF24D30099D038 /* denemeSockerIO.app */ = {isa = PBXFileReference; explicitFileType = wrapper.application; includeInIndex = 0; path = denemeSockerIO.app; sourceTree = BUILT_PRODUCTS_DIR; };
		27BE0FDA2CEF24D50099D038 /* denemeSockerIOTests.xctest */ = {isa = PBXFileReference; explicitFileType = wrapper.cfbundle; includeInIndex = 0; path = denemeSockerIOTests.xctest; sourceTree = BUILT_PRODUCTS_DIR; };
		27BE0FE42CEF24D50099D038 /* denemeSockerIOUITests.xctest */ = {isa = PBXFileReference; explicitFileType = wrapper.cfbundle; includeInIndex = 0; path = denemeSockerIOUITests.xctest; sourceTree = BUILT_PRODUCTS_DIR; };
/* End PBXFileReference section */

/* Begin PBXFileSystemSynchronizedBuildFileExceptionSet section */
		27BE101C2CEF3C800099D038 /* Exceptions for "denemeSockerIO" folder in "denemeSockerIO" target */ = {
			isa = PBXFileSystemSynchronizedBuildFileExceptionSet;
			membershipExceptions = (
				Info.plist,
			);
			target = 27BE0FC92CEF24D30099D038 /* denemeSockerIO */;
		};
/* End PBXFileSystemSynchronizedBuildFileExceptionSet section */

/* Begin PBXFileSystemSynchronizedRootGroup section */
		27BE0FCC2CEF24D30099D038 /* denemeSockerIO */ = {
			isa = PBXFileSystemSynchronizedRootGroup;
			exceptions = (
				27BE101C2CEF3C800099D038 /* Exceptions for "denemeSockerIO" folder in "denemeSockerIO" target */,
			);
			path = denemeSockerIO;
			sourceTree = "<group>";
		};
		27BE0FDD2CEF24D50099D038 /* denemeSockerIOTests */ = {
			isa = PBXFileSystemSynchronizedRootGroup;
			path = denemeSockerIOTests;
			sourceTree = "<group>";
		};
		27BE0FE72CEF24D50099D038 /* denemeSockerIOUITests */ = {
			isa = PBXFileSystemSynchronizedRootGroup;
			path = denemeSockerIOUITests;
			sourceTree = "<group>";
		};
/* End PBXFileSystemSynchronizedRootGroup section */

/* Begin PBXFrameworksBuildPhase section */
		27BE0FC72CEF24D30099D038 /* Frameworks */ = {
			isa = PBXFrameworksBuildPhase;
			buildActionMask = 2147483647;
			files = (
				274CA0EA2CF0A60B004C9AB5 /* FirebaseAppDistribution-Beta in Frameworks */,
				274CA0FE2CF0A60B004C9AB5 /* FirebaseFunctionsCombine-Community in Frameworks */,
				274CA0EE2CF0A60B004C9AB5 /* FirebaseAuthCombine-Community in Frameworks */,
				274CA0AF2CF0926F004C9AB5 /* FirebaseMessaging in Frameworks */,
				274CA0FA2CF0A60B004C9AB5 /* FirebaseFirestoreCombine-Community in Frameworks */,
				274CA0E62CF0A60B004C9AB5 /* FirebaseAnalyticsWithoutAdIdSupport in Frameworks */,
				274CA0AD2CF0926F004C9AB5 /* FirebaseAnalytics in Frameworks */,
				274CA1042CF0A60B004C9AB5 /* FirebaseMLModelDownloader in Frameworks */,
				274CA0F22CF0A60B004C9AB5 /* FirebaseCrashlytics in Frameworks */,
				274CA1022CF0A60B004C9AB5 /* FirebaseInstallations in Frameworks */,
				274CA10C2CF0A60B004C9AB5 /* FirebaseStorageCombine-Community in Frameworks */,
				274CA0F42CF0A60B004C9AB5 /* FirebaseDatabase in Frameworks */,
				274CA10E2CF0A60B004C9AB5 /* FirebaseVertexAI in Frameworks */,
				274CA10A2CF0A60B004C9AB5 /* FirebaseStorage in Frameworks */,
				274CA1082CF0A60B004C9AB5 /* FirebaseRemoteConfig in Frameworks */,
				27BE101E2CEF3ED10099D038 /* SocketIO in Frameworks */,
				274CA0F02CF0A60B004C9AB5 /* FirebaseCore in Frameworks */,
				274CA1002CF0A60B004C9AB5 /* FirebaseInAppMessaging-Beta in Frameworks */,
				274CA1062CF0A60B004C9AB5 /* FirebasePerformance in Frameworks */,
				274CA0E82CF0A60B004C9AB5 /* FirebaseAppCheck in Frameworks */,
				274CA0FC2CF0A60B004C9AB5 /* FirebaseFunctions in Frameworks */,
				274CA0E42CF0A60B004C9AB5 /* FirebaseAnalyticsOnDeviceConversion in Frameworks */,
				274CA0EC2CF0A60B004C9AB5 /* FirebaseAuth in Frameworks */,
				274CA0F62CF0A60B004C9AB5 /* FirebaseDynamicLinks in Frameworks */,
				274CA0F82CF0A60B004C9AB5 /* FirebaseFirestore in Frameworks */,
			);
			runOnlyForDeploymentPostprocessing = 0;
		};
		27BE0FD72CEF24D50099D038 /* Frameworks */ = {
			isa = PBXFrameworksBuildPhase;
			buildActionMask = 2147483647;
			files = (
			);
			runOnlyForDeploymentPostprocessing = 0;
		};
		27BE0FE12CEF24D50099D038 /* Frameworks */ = {
			isa = PBXFrameworksBuildPhase;
			buildActionMask = 2147483647;
			files = (
			);
			runOnlyForDeploymentPostprocessing = 0;
		};
/* End PBXFrameworksBuildPhase section */

/* Begin PBXGroup section */
		274CA0E22CF0A60B004C9AB5 /* Frameworks */ = {
			isa = PBXGroup;
			children = (
			);
			name = Frameworks;
			sourceTree = "<group>";
		};
		27BE0FC12CEF24D30099D038 = {
			isa = PBXGroup;
			children = (
				27BE0FCC2CEF24D30099D038 /* denemeSockerIO */,
				27BE0FDD2CEF24D50099D038 /* denemeSockerIOTests */,
				27BE0FE72CEF24D50099D038 /* denemeSockerIOUITests */,
				274CA0E22CF0A60B004C9AB5 /* Frameworks */,
				27BE0FCB2CEF24D30099D038 /* Products */,
			);
			sourceTree = "<group>";
		};
		27BE0FCB2CEF24D30099D038 /* Products */ = {
			isa = PBXGroup;
			children = (
				27BE0FCA2CEF24D30099D038 /* denemeSockerIO.app */,
				27BE0FDA2CEF24D50099D038 /* denemeSockerIOTests.xctest */,
				27BE0FE42CEF24D50099D038 /* denemeSockerIOUITests.xctest */,
			);
			name = Products;
			sourceTree = "<group>";
		};
/* End PBXGroup section */

/* Begin PBXNativeTarget section */
		27BE0FC92CEF24D30099D038 /* denemeSockerIO */ = {
			isa = PBXNativeTarget;
			buildConfigurationList = 27BE0FEE2CEF24D50099D038 /* Build configuration list for PBXNativeTarget "denemeSockerIO" */;
			buildPhases = (
				27BE0FC62CEF24D30099D038 /* Sources */,
				27BE0FC72CEF24D30099D038 /* Frameworks */,
				27BE0FC82CEF24D30099D038 /* Resources */,
			);
			buildRules = (
			);
			dependencies = (
			);
			fileSystemSynchronizedGroups = (
				27BE0FCC2CEF24D30099D038 /* denemeSockerIO */,
			);
			name = denemeSockerIO;
			packageProductDependencies = (
				27BE101D2CEF3ED10099D038 /* SocketIO */,
				274CA0AC2CF0926F004C9AB5 /* FirebaseAnalytics */,
				274CA0AE2CF0926F004C9AB5 /* FirebaseMessaging */,
				274CA0E32CF0A60B004C9AB5 /* FirebaseAnalyticsOnDeviceConversion */,
				274CA0E52CF0A60B004C9AB5 /* FirebaseAnalyticsWithoutAdIdSupport */,
				274CA0E72CF0A60B004C9AB5 /* FirebaseAppCheck */,
				274CA0E92CF0A60B004C9AB5 /* FirebaseAppDistribution-Beta */,
				274CA0EB2CF0A60B004C9AB5 /* FirebaseAuth */,
				274CA0ED2CF0A60B004C9AB5 /* FirebaseAuthCombine-Community */,
				274CA0EF2CF0A60B004C9AB5 /* FirebaseCore */,
				274CA0F12CF0A60B004C9AB5 /* FirebaseCrashlytics */,
				274CA0F32CF0A60B004C9AB5 /* FirebaseDatabase */,
				274CA0F52CF0A60B004C9AB5 /* FirebaseDynamicLinks */,
				274CA0F72CF0A60B004C9AB5 /* FirebaseFirestore */,
				274CA0F92CF0A60B004C9AB5 /* FirebaseFirestoreCombine-Community */,
				274CA0FB2CF0A60B004C9AB5 /* FirebaseFunctions */,
				274CA0FD2CF0A60B004C9AB5 /* FirebaseFunctionsCombine-Community */,
				274CA0FF2CF0A60B004C9AB5 /* FirebaseInAppMessaging-Beta */,
				274CA1012CF0A60B004C9AB5 /* FirebaseInstallations */,
				274CA1032CF0A60B004C9AB5 /* FirebaseMLModelDownloader */,
				274CA1052CF0A60B004C9AB5 /* FirebasePerformance */,
				274CA1072CF0A60B004C9AB5 /* FirebaseRemoteConfig */,
				274CA1092CF0A60B004C9AB5 /* FirebaseStorage */,
				274CA10B2CF0A60B004C9AB5 /* FirebaseStorageCombine-Community */,
				274CA10D2CF0A60B004C9AB5 /* FirebaseVertexAI */,
			);
			productName = denemeSockerIO;
			productReference = 27BE0FCA2CEF24D30099D038 /* denemeSockerIO.app */;
			productType = "com.apple.product-type.application";
		};
		27BE0FD92CEF24D50099D038 /* denemeSockerIOTests */ = {
			isa = PBXNativeTarget;
			buildConfigurationList = 27BE0FF12CEF24D50099D038 /* Build configuration list for PBXNativeTarget "denemeSockerIOTests" */;
			buildPhases = (
				27BE0FD62CEF24D50099D038 /* Sources */,
				27BE0FD72CEF24D50099D038 /* Frameworks */,
				27BE0FD82CEF24D50099D038 /* Resources */,
			);
			buildRules = (
			);
			dependencies = (
				27BE0FDC2CEF24D50099D038 /* PBXTargetDependency */,
			);
			fileSystemSynchronizedGroups = (
				27BE0FDD2CEF24D50099D038 /* denemeSockerIOTests */,
			);
			name = denemeSockerIOTests;
			productName = denemeSockerIOTests;
			productReference = 27BE0FDA2CEF24D50099D038 /* denemeSockerIOTests.xctest */;
			productType = "com.apple.product-type.bundle.unit-test";
		};
		27BE0FE32CEF24D50099D038 /* denemeSockerIOUITests */ = {
			isa = PBXNativeTarget;
			buildConfigurationList = 27BE0FF42CEF24D50099D038 /* Build configuration list for PBXNativeTarget "denemeSockerIOUITests" */;
			buildPhases = (
				27BE0FE02CEF24D50099D038 /* Sources */,
				27BE0FE12CEF24D50099D038 /* Frameworks */,
				27BE0FE22CEF24D50099D038 /* Resources */,
			);
			buildRules = (
			);
			dependencies = (
				27BE0FE62CEF24D50099D038 /* PBXTargetDependency */,
			);
			fileSystemSynchronizedGroups = (
				27BE0FE72CEF24D50099D038 /* denemeSockerIOUITests */,
			);
			name = denemeSockerIOUITests;
			productName = denemeSockerIOUITests;
			productReference = 27BE0FE42CEF24D50099D038 /* denemeSockerIOUITests.xctest */;
			productType = "com.apple.product-type.bundle.ui-testing";
		};
/* End PBXNativeTarget section */

/* Begin PBXProject section */
		27BE0FC22CEF24D30099D038 /* Project object */ = {
			isa = PBXProject;
			attributes = {
				BuildIndependentTargetsInParallel = 1;
				LastSwiftUpdateCheck = 1610;
				LastUpgradeCheck = 1610;
				TargetAttributes = {
					27BE0FC92CEF24D30099D038 = {
						CreatedOnToolsVersion = 16.1;
					};
					27BE0FD92CEF24D50099D038 = {
						CreatedOnToolsVersion = 16.1;
						TestTargetID = 27BE0FC92CEF24D30099D038;
					};
					27BE0FE32CEF24D50099D038 = {
						CreatedOnToolsVersion = 16.1;
						TestTargetID = 27BE0FC92CEF24D30099D038;
					};
				};
			};
			buildConfigurationList = 27BE0FC52CEF24D30099D038 /* Build configuration list for PBXProject "denemeSockerIO" */;
			developmentRegion = en;
			hasScannedForEncodings = 0;
			knownRegions = (
				en,
				Base,
			);
			mainGroup = 27BE0FC12CEF24D30099D038;
			minimizedProjectReferenceProxies = 1;
			packageReferences = (
				27BE10012CEF263B0099D038 /* XCRemoteSwiftPackageReference "socket" */,
				274CA0282CF07AAB004C9AB5 /* XCRemoteSwiftPackageReference "firebase-ios-sdk" */,
			);
			preferredProjectObjectVersion = 77;
			productRefGroup = 27BE0FCB2CEF24D30099D038 /* Products */;
			projectDirPath = "";
			projectRoot = "";
			targets = (
				27BE0FC92CEF24D30099D038 /* denemeSockerIO */,
				27BE0FD92CEF24D50099D038 /* denemeSockerIOTests */,
				27BE0FE32CEF24D50099D038 /* denemeSockerIOUITests */,
			);
		};
/* End PBXProject section */

/* Begin PBXResourcesBuildPhase section */
		27BE0FC82CEF24D30099D038 /* Resources */ = {
			isa = PBXResourcesBuildPhase;
			buildActionMask = 2147483647;
			files = (
			);
			runOnlyForDeploymentPostprocessing = 0;
		};
		27BE0FD82CEF24D50099D038 /* Resources */ = {
			isa = PBXResourcesBuildPhase;
			buildActionMask = 2147483647;
			files = (
			);
			runOnlyForDeploymentPostprocessing = 0;
		};
		27BE0FE22CEF24D50099D038 /* Resources */ = {
			isa = PBXResourcesBuildPhase;
			buildActionMask = 2147483647;
			files = (
			);
			runOnlyForDeploymentPostprocessing = 0;
		};
/* End PBXResourcesBuildPhase section */

/* Begin PBXSourcesBuildPhase section */
		27BE0FC62CEF24D30099D038 /* Sources */ = {
			isa = PBXSourcesBuildPhase;
			buildActionMask = 2147483647;
			files = (
			);
			runOnlyForDeploymentPostprocessing = 0;
		};
		27BE0FD62CEF24D50099D038 /* Sources */ = {
			isa = PBXSourcesBuildPhase;
			buildActionMask = 2147483647;
			files = (
			);
			runOnlyForDeploymentPostprocessing = 0;
		};
		27BE0FE02CEF24D50099D038 /* Sources */ = {
			isa = PBXSourcesBuildPhase;
			buildActionMask = 2147483647;
			files = (
			);
			runOnlyForDeploymentPostprocessing = 0;
		};
/* End PBXSourcesBuildPhase section */

/* Begin PBXTargetDependency section */
		27BE0FDC2CEF24D50099D038 /* PBXTargetDependency */ = {
			isa = PBXTargetDependency;
			target = 27BE0FC92CEF24D30099D038 /* denemeSockerIO */;
			targetProxy = 27BE0FDB2CEF24D50099D038 /* PBXContainerItemProxy */;
		};
		27BE0FE62CEF24D50099D038 /* PBXTargetDependency */ = {
			isa = PBXTargetDependency;
			target = 27BE0FC92CEF24D30099D038 /* denemeSockerIO */;
			targetProxy = 27BE0FE52CEF24D50099D038 /* PBXContainerItemProxy */;
		};
/* End PBXTargetDependency section */

/* Begin XCBuildConfiguration section */
		27BE0FEC2CEF24D50099D038 /* Debug */ = {
			isa = XCBuildConfiguration;
			buildSettings = {
				ALWAYS_SEARCH_USER_PATHS = NO;
				ASSETCATALOG_COMPILER_GENERATE_SWIFT_ASSET_SYMBOL_EXTENSIONS = YES;
				CLANG_ANALYZER_NONNULL = YES;
				CLANG_ANALYZER_NUMBER_OBJECT_CONVERSION = YES_AGGRESSIVE;
				CLANG_CXX_LANGUAGE_STANDARD = "gnu++20";
				CLANG_ENABLE_MODULES = YES;
				CLANG_ENABLE_OBJC_ARC = YES;
				CLANG_ENABLE_OBJC_WEAK = YES;
				CLANG_WARN_BLOCK_CAPTURE_AUTORELEASING = YES;
				CLANG_WARN_BOOL_CONVERSION = YES;
				CLANG_WARN_COMMA = YES;
				CLANG_WARN_CONSTANT_CONVERSION = YES;
				CLANG_WARN_DEPRECATED_OBJC_IMPLEMENTATIONS = YES;
				CLANG_WARN_DIRECT_OBJC_ISA_USAGE = YES_ERROR;
				CLANG_WARN_DOCUMENTATION_COMMENTS = YES;
				CLANG_WARN_EMPTY_BODY = YES;
				CLANG_WARN_ENUM_CONVERSION = YES;
				CLANG_WARN_INFINITE_RECURSION = YES;
				CLANG_WARN_INT_CONVERSION = YES;
				CLANG_WARN_NON_LITERAL_NULL_CONVERSION = YES;
				CLANG_WARN_OBJC_IMPLICIT_RETAIN_SELF = YES;
				CLANG_WARN_OBJC_LITERAL_CONVERSION = YES;
				CLANG_WARN_OBJC_ROOT_CLASS = YES_ERROR;
				CLANG_WARN_QUOTED_INCLUDE_IN_FRAMEWORK_HEADER = YES;
				CLANG_WARN_RANGE_LOOP_ANALYSIS = YES;
				CLANG_WARN_STRICT_PROTOTYPES = YES;
				CLANG_WARN_SUSPICIOUS_MOVE = YES;
				CLANG_WARN_UNGUARDED_AVAILABILITY = YES_AGGRESSIVE;
				CLANG_WARN_UNREACHABLE_CODE = YES;
				CLANG_WARN__DUPLICATE_METHOD_MATCH = YES;
				COPY_PHASE_STRIP = NO;
				DEBUG_INFORMATION_FORMAT = dwarf;
				ENABLE_STRICT_OBJC_MSGSEND = YES;
				ENABLE_TESTABILITY = YES;
				ENABLE_USER_SCRIPT_SANDBOXING = YES;
				GCC_C_LANGUAGE_STANDARD = gnu17;
				GCC_DYNAMIC_NO_PIC = NO;
				GCC_NO_COMMON_BLOCKS = YES;
				GCC_OPTIMIZATION_LEVEL = 0;
				GCC_PREPROCESSOR_DEFINITIONS = (
					"DEBUG=1",
					"$(inherited)",
				);
				GCC_WARN_64_TO_32_BIT_CONVERSION = YES;
				GCC_WARN_ABOUT_RETURN_TYPE = YES_ERROR;
				GCC_WARN_UNDECLARED_SELECTOR = YES;
				GCC_WARN_UNINITIALIZED_AUTOS = YES_AGGRESSIVE;
				GCC_WARN_UNUSED_FUNCTION = YES;
				GCC_WARN_UNUSED_VARIABLE = YES;
				IPHONEOS_DEPLOYMENT_TARGET = 18.1;
				LOCALIZATION_PREFERS_STRING_CATALOGS = YES;
				MTL_ENABLE_DEBUG_INFO = INCLUDE_SOURCE;
				MTL_FAST_MATH = YES;
				ONLY_ACTIVE_ARCH = YES;
				SDKROOT = iphoneos;
				SWIFT_ACTIVE_COMPILATION_CONDITIONS = "DEBUG $(inherited)";
				SWIFT_OPTIMIZATION_LEVEL = "-Onone";
			};
			name = Debug;
		};
		27BE0FED2CEF24D50099D038 /* Release */ = {
			isa = XCBuildConfiguration;
			buildSettings = {
				ALWAYS_SEARCH_USER_PATHS = NO;
				ASSETCATALOG_COMPILER_GENERATE_SWIFT_ASSET_SYMBOL_EXTENSIONS = YES;
				CLANG_ANALYZER_NONNULL = YES;
				CLANG_ANALYZER_NUMBER_OBJECT_CONVERSION = YES_AGGRESSIVE;
				CLANG_CXX_LANGUAGE_STANDARD = "gnu++20";
				CLANG_ENABLE_MODULES = YES;
				CLANG_ENABLE_OBJC_ARC = YES;
				CLANG_ENABLE_OBJC_WEAK = YES;
				CLANG_WARN_BLOCK_CAPTURE_AUTORELEASING = YES;
				CLANG_WARN_BOOL_CONVERSION = YES;
				CLANG_WARN_COMMA = YES;
				CLANG_WARN_CONSTANT_CONVERSION = YES;
				CLANG_WARN_DEPRECATED_OBJC_IMPLEMENTATIONS = YES;
				CLANG_WARN_DIRECT_OBJC_ISA_USAGE = YES_ERROR;
				CLANG_WARN_DOCUMENTATION_COMMENTS = YES;
				CLANG_WARN_EMPTY_BODY = YES;
				CLANG_WARN_ENUM_CONVERSION = YES;
				CLANG_WARN_INFINITE_RECURSION = YES;
				CLANG_WARN_INT_CONVERSION = YES;
				CLANG_WARN_NON_LITERAL_NULL_CONVERSION = YES;
				CLANG_WARN_OBJC_IMPLICIT_RETAIN_SELF = YES;
				CLANG_WARN_OBJC_LITERAL_CONVERSION = YES;
				CLANG_WARN_OBJC_ROOT_CLASS = YES_ERROR;
				CLANG_WARN_QUOTED_INCLUDE_IN_FRAMEWORK_HEADER = YES;
				CLANG_WARN_RANGE_LOOP_ANALYSIS = YES;
				CLANG_WARN_STRICT_PROTOTYPES = YES;
				CLANG_WARN_SUSPICIOUS_MOVE = YES;
				CLANG_WARN_UNGUARDED_AVAILABILITY = YES_AGGRESSIVE;
				CLANG_WARN_UNREACHABLE_CODE = YES;
				CLANG_WARN__DUPLICATE_METHOD_MATCH = YES;
				COPY_PHASE_STRIP = NO;
				DEBUG_INFORMATION_FORMAT = "dwarf-with-dsym";
				ENABLE_NS_ASSERTIONS = NO;
				ENABLE_STRICT_OBJC_MSGSEND = YES;
				ENABLE_USER_SCRIPT_SANDBOXING = YES;
				GCC_C_LANGUAGE_STANDARD = gnu17;
				GCC_NO_COMMON_BLOCKS = YES;
				GCC_WARN_64_TO_32_BIT_CONVERSION = YES;
				GCC_WARN_ABOUT_RETURN_TYPE = YES_ERROR;
				GCC_WARN_UNDECLARED_SELECTOR = YES;
				GCC_WARN_UNINITIALIZED_AUTOS = YES_AGGRESSIVE;
				GCC_WARN_UNUSED_FUNCTION = YES;
				GCC_WARN_UNUSED_VARIABLE = YES;
				IPHONEOS_DEPLOYMENT_TARGET = 18.1;
				LOCALIZATION_PREFERS_STRING_CATALOGS = YES;
				MTL_ENABLE_DEBUG_INFO = NO;
				MTL_FAST_MATH = YES;
				SDKROOT = iphoneos;
				SWIFT_COMPILATION_MODE = wholemodule;
				VALIDATE_PRODUCT = YES;
			};
			name = Release;
		};
		27BE0FEF2CEF24D50099D038 /* Debug */ = {
			isa = XCBuildConfiguration;
			buildSettings = {
				ASSETCATALOG_COMPILER_APPICON_NAME = AppIcon;
				ASSETCATALOG_COMPILER_GLOBAL_ACCENT_COLOR_NAME = AccentColor;
				CODE_SIGN_ENTITLEMENTS = denemeSockerIO/denemeSockerIO.entitlements;
				CODE_SIGN_STYLE = Automatic;
				CURRENT_PROJECT_VERSION = 1;
				DEVELOPMENT_ASSET_PATHS = "\"denemeSockerIO/Preview Content\"";
				DEVELOPMENT_TEAM = LBGM24R4NZ;
				ENABLE_PREVIEWS = YES;
				GENERATE_INFOPLIST_FILE = YES;
				INFOPLIST_FILE = denemeSockerIO/Info.plist;
				INFOPLIST_KEY_UIApplicationSceneManifest_Generation = YES;
				INFOPLIST_KEY_UIApplicationSupportsIndirectInputEvents = YES;
				INFOPLIST_KEY_UILaunchScreen_Generation = YES;
				INFOPLIST_KEY_UISupportedInterfaceOrientations_iPad = "UIInterfaceOrientationPortrait UIInterfaceOrientationPortraitUpsideDown UIInterfaceOrientationLandscapeLeft UIInterfaceOrientationLandscapeRight";
				INFOPLIST_KEY_UISupportedInterfaceOrientations_iPhone = "UIInterfaceOrientationPortrait UIInterfaceOrientationLandscapeLeft UIInterfaceOrientationLandscapeRight";
				LD_RUNPATH_SEARCH_PATHS = (
					"$(inherited)",
					"@executable_path/Frameworks",
				);
				MARKETING_VERSION = 1.0;
				PRODUCT_BUNDLE_IDENTIFIER = com.emreaasci.denemeSockerIO;
				PRODUCT_NAME = "$(TARGET_NAME)";
				SWIFT_EMIT_LOC_STRINGS = YES;
				SWIFT_VERSION = 5.0;
				TARGETED_DEVICE_FAMILY = "1,2";
			};
			name = Debug;
		};
		27BE0FF02CEF24D50099D038 /* Release */ = {
			isa = XCBuildConfiguration;
			buildSettings = {
				ASSETCATALOG_COMPILER_APPICON_NAME = AppIcon;
				ASSETCATALOG_COMPILER_GLOBAL_ACCENT_COLOR_NAME = AccentColor;
				CODE_SIGN_ENTITLEMENTS = denemeSockerIO/denemeSockerIO.entitlements;
				CODE_SIGN_STYLE = Automatic;
				CURRENT_PROJECT_VERSION = 1;
				DEVELOPMENT_ASSET_PATHS = "\"denemeSockerIO/Preview Content\"";
				DEVELOPMENT_TEAM = LBGM24R4NZ;
				ENABLE_PREVIEWS = YES;
				GENERATE_INFOPLIST_FILE = YES;
				INFOPLIST_FILE = denemeSockerIO/Info.plist;
				INFOPLIST_KEY_UIApplicationSceneManifest_Generation = YES;
				INFOPLIST_KEY_UIApplicationSupportsIndirectInputEvents = YES;
				INFOPLIST_KEY_UILaunchScreen_Generation = YES;
				INFOPLIST_KEY_UISupportedInterfaceOrientations_iPad = "UIInterfaceOrientationPortrait UIInterfaceOrientationPortraitUpsideDown UIInterfaceOrientationLandscapeLeft UIInterfaceOrientationLandscapeRight";
				INFOPLIST_KEY_UISupportedInterfaceOrientations_iPhone = "UIInterfaceOrientationPortrait UIInterfaceOrientationLandscapeLeft UIInterfaceOrientationLandscapeRight";
				LD_RUNPATH_SEARCH_PATHS = (
					"$(inherited)",
					"@executable_path/Frameworks",
				);
				MARKETING_VERSION = 1.0;
				PRODUCT_BUNDLE_IDENTIFIER = com.emreaasci.denemeSockerIO;
				PRODUCT_NAME = "$(TARGET_NAME)";
				SWIFT_EMIT_LOC_STRINGS = YES;
				SWIFT_VERSION = 5.0;
				TARGETED_DEVICE_FAMILY = "1,2";
			};
			name = Release;
		};
		27BE0FF22CEF24D50099D038 /* Debug */ = {
			isa = XCBuildConfiguration;
			buildSettings = {
				BUNDLE_LOADER = "$(TEST_HOST)";
				CODE_SIGN_STYLE = Automatic;
				CURRENT_PROJECT_VERSION = 1;
				DEVELOPMENT_TEAM = LBGM24R4NZ;
				GENERATE_INFOPLIST_FILE = YES;
				IPHONEOS_DEPLOYMENT_TARGET = 18.1;
				MARKETING_VERSION = 1.0;
				PRODUCT_BUNDLE_IDENTIFIER = com.emreaasci.denemeSockerIOTests;
				PRODUCT_NAME = "$(TARGET_NAME)";
				SWIFT_EMIT_LOC_STRINGS = NO;
				SWIFT_VERSION = 5.0;
				TARGETED_DEVICE_FAMILY = "1,2";
				TEST_HOST = "$(BUILT_PRODUCTS_DIR)/denemeSockerIO.app/$(BUNDLE_EXECUTABLE_FOLDER_PATH)/denemeSockerIO";
			};
			name = Debug;
		};
		27BE0FF32CEF24D50099D038 /* Release */ = {
			isa = XCBuildConfiguration;
			buildSettings = {
				BUNDLE_LOADER = "$(TEST_HOST)";
				CODE_SIGN_STYLE = Automatic;
				CURRENT_PROJECT_VERSION = 1;
				DEVELOPMENT_TEAM = LBGM24R4NZ;
				GENERATE_INFOPLIST_FILE = YES;
				IPHONEOS_DEPLOYMENT_TARGET = 18.1;
				MARKETING_VERSION = 1.0;
				PRODUCT_BUNDLE_IDENTIFIER = com.emreaasci.denemeSockerIOTests;
				PRODUCT_NAME = "$(TARGET_NAME)";
				SWIFT_EMIT_LOC_STRINGS = NO;
				SWIFT_VERSION = 5.0;
				TARGETED_DEVICE_FAMILY = "1,2";
				TEST_HOST = "$(BUILT_PRODUCTS_DIR)/denemeSockerIO.app/$(BUNDLE_EXECUTABLE_FOLDER_PATH)/denemeSockerIO";
			};
			name = Release;
		};
		27BE0FF52CEF24D50099D038 /* Debug */ = {
			isa = XCBuildConfiguration;
			buildSettings = {
				CODE_SIGN_STYLE = Automatic;
				CURRENT_PROJECT_VERSION = 1;
				DEVELOPMENT_TEAM = LBGM24R4NZ;
				GENERATE_INFOPLIST_FILE = YES;
				MARKETING_VERSION = 1.0;
				PRODUCT_BUNDLE_IDENTIFIER = com.emreaasci.denemeSockerIOUITests;
				PRODUCT_NAME = "$(TARGET_NAME)";
				SWIFT_EMIT_LOC_STRINGS = NO;
				SWIFT_VERSION = 5.0;
				TARGETED_DEVICE_FAMILY = "1,2";
				TEST_TARGET_NAME = denemeSockerIO;
			};
			name = Debug;
		};
		27BE0FF62CEF24D50099D038 /* Release */ = {
			isa = XCBuildConfiguration;
			buildSettings = {
				CODE_SIGN_STYLE = Automatic;
				CURRENT_PROJECT_VERSION = 1;
				DEVELOPMENT_TEAM = LBGM24R4NZ;
				GENERATE_INFOPLIST_FILE = YES;
				MARKETING_VERSION = 1.0;
				PRODUCT_BUNDLE_IDENTIFIER = com.emreaasci.denemeSockerIOUITests;
				PRODUCT_NAME = "$(TARGET_NAME)";
				SWIFT_EMIT_LOC_STRINGS = NO;
				SWIFT_VERSION = 5.0;
				TARGETED_DEVICE_FAMILY = "1,2";
				TEST_TARGET_NAME = denemeSockerIO;
			};
			name = Release;
		};
/* End XCBuildConfiguration section */

/* Begin XCConfigurationList section */
		27BE0FC52CEF24D30099D038 /* Build configuration list for PBXProject "denemeSockerIO" */ = {
			isa = XCConfigurationList;
			buildConfigurations = (
				27BE0FEC2CEF24D50099D038 /* Debug */,
				27BE0FED2CEF24D50099D038 /* Release */,
			);
			defaultConfigurationIsVisible = 0;
			defaultConfigurationName = Release;
		};
		27BE0FEE2CEF24D50099D038 /* Build configuration list for PBXNativeTarget "denemeSockerIO" */ = {
			isa = XCConfigurationList;
			buildConfigurations = (
				27BE0FEF2CEF24D50099D038 /* Debug */,
				27BE0FF02CEF24D50099D038 /* Release */,
			);
			defaultConfigurationIsVisible = 0;
			defaultConfigurationName = Release;
		};
		27BE0FF12CEF24D50099D038 /* Build configuration list for PBXNativeTarget "denemeSockerIOTests" */ = {
			isa = XCConfigurationList;
			buildConfigurations = (
				27BE0FF22CEF24D50099D038 /* Debug */,
				27BE0FF32CEF24D50099D038 /* Release */,
			);
			defaultConfigurationIsVisible = 0;
			defaultConfigurationName = Release;
		};
		27BE0FF42CEF24D50099D038 /* Build configuration list for PBXNativeTarget "denemeSockerIOUITests" */ = {
			isa = XCConfigurationList;
			buildConfigurations = (
				27BE0FF52CEF24D50099D038 /* Debug */,
				27BE0FF62CEF24D50099D038 /* Release */,
			);
			defaultConfigurationIsVisible = 0;
			defaultConfigurationName = Release;
		};
/* End XCConfigurationList section */

/* Begin XCRemoteSwiftPackageReference section */
		274CA0282CF07AAB004C9AB5 /* XCRemoteSwiftPackageReference "firebase-ios-sdk" */ = {
			isa = XCRemoteSwiftPackageReference;
			repositoryURL = "https://github.com/firebase/firebase-ios-sdk";
			requirement = {
				kind = upToNextMajorVersion;
				minimumVersion = 11.5.0;
			};
		};
		27BE10012CEF263B0099D038 /* XCRemoteSwiftPackageReference "socket" */ = {
			isa = XCRemoteSwiftPackageReference;
			repositoryURL = "https://github.com/socketio/socket.io-client-swift";
			requirement = {
				branch = master;
				kind = branch;
			};
		};
/* End XCRemoteSwiftPackageReference section */

/* Begin XCSwiftPackageProductDependency section */
		274CA0AC2CF0926F004C9AB5 /* FirebaseAnalytics */ = {
			isa = XCSwiftPackageProductDependency;
			productName = FirebaseAnalytics;
		};
		274CA0AE2CF0926F004C9AB5 /* FirebaseMessaging */ = {
			isa = XCSwiftPackageProductDependency;
			productName = FirebaseMessaging;
		};
		274CA0E32CF0A60B004C9AB5 /* FirebaseAnalyticsOnDeviceConversion */ = {
			isa = XCSwiftPackageProductDependency;
			package = 274CA0282CF07AAB004C9AB5 /* XCRemoteSwiftPackageReference "firebase-ios-sdk" */;
			productName = FirebaseAnalyticsOnDeviceConversion;
		};
		274CA0E52CF0A60B004C9AB5 /* FirebaseAnalyticsWithoutAdIdSupport */ = {
			isa = XCSwiftPackageProductDependency;
			package = 274CA0282CF07AAB004C9AB5 /* XCRemoteSwiftPackageReference "firebase-ios-sdk" */;
			productName = FirebaseAnalyticsWithoutAdIdSupport;
		};
		274CA0E72CF0A60B004C9AB5 /* FirebaseAppCheck */ = {
			isa = XCSwiftPackageProductDependency;
			package = 274CA0282CF07AAB004C9AB5 /* XCRemoteSwiftPackageReference "firebase-ios-sdk" */;
			productName = FirebaseAppCheck;
		};
		274CA0E92CF0A60B004C9AB5 /* FirebaseAppDistribution-Beta */ = {
			isa = XCSwiftPackageProductDependency;
			package = 274CA0282CF07AAB004C9AB5 /* XCRemoteSwiftPackageReference "firebase-ios-sdk" */;
			productName = "FirebaseAppDistribution-Beta";
		};
		274CA0EB2CF0A60B004C9AB5 /* FirebaseAuth */ = {
			isa = XCSwiftPackageProductDependency;
			package = 274CA0282CF07AAB004C9AB5 /* XCRemoteSwiftPackageReference "firebase-ios-sdk" */;
			productName = FirebaseAuth;
		};
		274CA0ED2CF0A60B004C9AB5 /* FirebaseAuthCombine-Community */ = {
			isa = XCSwiftPackageProductDependency;
			package = 274CA0282CF07AAB004C9AB5 /* XCRemoteSwiftPackageReference "firebase-ios-sdk" */;
			productName = "FirebaseAuthCombine-Community";
		};
		274CA0EF2CF0A60B004C9AB5 /* FirebaseCore */ = {
			isa = XCSwiftPackageProductDependency;
			package = 274CA0282CF07AAB004C9AB5 /* XCRemoteSwiftPackageReference "firebase-ios-sdk" */;
			productName = FirebaseCore;
		};
		274CA0F12CF0A60B004C9AB5 /* FirebaseCrashlytics */ = {
			isa = XCSwiftPackageProductDependency;
			package = 274CA0282CF07AAB004C9AB5 /* XCRemoteSwiftPackageReference "firebase-ios-sdk" */;
			productName = FirebaseCrashlytics;
		};
		274CA0F32CF0A60B004C9AB5 /* FirebaseDatabase */ = {
			isa = XCSwiftPackageProductDependency;
			package = 274CA0282CF07AAB004C9AB5 /* XCRemoteSwiftPackageReference "firebase-ios-sdk" */;
			productName = FirebaseDatabase;
		};
		274CA0F52CF0A60B004C9AB5 /* FirebaseDynamicLinks */ = {
			isa = XCSwiftPackageProductDependency;
			package = 274CA0282CF07AAB004C9AB5 /* XCRemoteSwiftPackageReference "firebase-ios-sdk" */;
			productName = FirebaseDynamicLinks;
		};
		274CA0F72CF0A60B004C9AB5 /* FirebaseFirestore */ = {
			isa = XCSwiftPackageProductDependency;
			package = 274CA0282CF07AAB004C9AB5 /* XCRemoteSwiftPackageReference "firebase-ios-sdk" */;
			productName = FirebaseFirestore;
		};
		274CA0F92CF0A60B004C9AB5 /* FirebaseFirestoreCombine-Community */ = {
			isa = XCSwiftPackageProductDependency;
			package = 274CA0282CF07AAB004C9AB5 /* XCRemoteSwiftPackageReference "firebase-ios-sdk" */;
			productName = "FirebaseFirestoreCombine-Community";
		};
		274CA0FB2CF0A60B004C9AB5 /* FirebaseFunctions */ = {
			isa = XCSwiftPackageProductDependency;
			package = 274CA0282CF07AAB004C9AB5 /* XCRemoteSwiftPackageReference "firebase-ios-sdk" */;
			productName = FirebaseFunctions;
		};
		274CA0FD2CF0A60B004C9AB5 /* FirebaseFunctionsCombine-Community */ = {
			isa = XCSwiftPackageProductDependency;
			package = 274CA0282CF07AAB004C9AB5 /* XCRemoteSwiftPackageReference "firebase-ios-sdk" */;
			productName = "FirebaseFunctionsCombine-Community";
		};
		274CA0FF2CF0A60B004C9AB5 /* FirebaseInAppMessaging-Beta */ = {
			isa = XCSwiftPackageProductDependency;
			package = 274CA0282CF07AAB004C9AB5 /* XCRemoteSwiftPackageReference "firebase-ios-sdk" */;
			productName = "FirebaseInAppMessaging-Beta";
		};
		274CA1012CF0A60B004C9AB5 /* FirebaseInstallations */ = {
			isa = XCSwiftPackageProductDependency;
			package = 274CA0282CF07AAB004C9AB5 /* XCRemoteSwiftPackageReference "firebase-ios-sdk" */;
			productName = FirebaseInstallations;
		};
		274CA1032CF0A60B004C9AB5 /* FirebaseMLModelDownloader */ = {
			isa = XCSwiftPackageProductDependency;
			package = 274CA0282CF07AAB004C9AB5 /* XCRemoteSwiftPackageReference "firebase-ios-sdk" */;
			productName = FirebaseMLModelDownloader;
		};
		274CA1052CF0A60B004C9AB5 /* FirebasePerformance */ = {
			isa = XCSwiftPackageProductDependency;
			package = 274CA0282CF07AAB004C9AB5 /* XCRemoteSwiftPackageReference "firebase-ios-sdk" */;
			productName = FirebasePerformance;
		};
		274CA1072CF0A60B004C9AB5 /* FirebaseRemoteConfig */ = {
			isa = XCSwiftPackageProductDependency;
			package = 274CA0282CF07AAB004C9AB5 /* XCRemoteSwiftPackageReference "firebase-ios-sdk" */;
			productName = FirebaseRemoteConfig;
		};
		274CA1092CF0A60B004C9AB5 /* FirebaseStorage */ = {
			isa = XCSwiftPackageProductDependency;
			package = 274CA0282CF07AAB004C9AB5 /* XCRemoteSwiftPackageReference "firebase-ios-sdk" */;
			productName = FirebaseStorage;
		};
		274CA10B2CF0A60B004C9AB5 /* FirebaseStorageCombine-Community */ = {
			isa = XCSwiftPackageProductDependency;
			package = 274CA0282CF07AAB004C9AB5 /* XCRemoteSwiftPackageReference "firebase-ios-sdk" */;
			productName = "FirebaseStorageCombine-Community";
		};
		274CA10D2CF0A60B004C9AB5 /* FirebaseVertexAI */ = {
			isa = XCSwiftPackageProductDependency;
			package = 274CA0282CF07AAB004C9AB5 /* XCRemoteSwiftPackageReference "firebase-ios-sdk" */;
			productName = FirebaseVertexAI;
		};
		27BE101D2CEF3ED10099D038 /* SocketIO */ = {
			isa = XCSwiftPackageProductDependency;
			package = 27BE10012CEF263B0099D038 /* XCRemoteSwiftPackageReference "socket" */;
			productName = SocketIO;
		};
/* End XCSwiftPackageProductDependency section */
	};
	rootObject = 27BE0FC22CEF24D30099D038 /* Project object */;
}
